
Microsoft Visual Studio Solution File, Format Version 12.00
# Visual Studio 15
VisualStudioVersion = 15.0.27703.2000
MinimumVisualStudioVersion = 10.0.40219.1
Project("{FAE04EC0-301F-11D3-BF4B-00C04F79EFBC}") = "SocialMediaApplication", "SocialMediaApplication\SocialMediaApplication.csproj", "{18712295-9142-4E63-B127-23CD5F55DC81}"
EndProject
Global
	GlobalSection(SolutionConfigurationPlatforms) = preSolution
		Debug|Any CPU = Debug|Any CPU
		Release|Any CPU = Release|Any CPU
	EndGlobalSection
	GlobalSection(ProjectConfigurationPlatforms) = postSolution
		{18712295-9142-4E63-B127-23CD5F55DC81}.Debug|Any CPU.ActiveCfg = Debug|Any CPU
		{18712295-9142-4E63-B127-23CD5F55DC81}.Debug|Any CPU.Build.0 = Debug|Any CPU
		{18712295-9142-4E63-B127-23CD5F55DC81}.Release|Any CPU.ActiveCfg = Release|Any CPU
		{18712295-9142-4E63-B127-23CD5F55DC81}.Release|Any CPU.Build.0 = Release|Any CPU
	EndGlobalSection
	GlobalSection(SolutionProperties) = preSolution
		HideSolutionNode = FALSE
	EndGlobalSection
	GlobalSection(ExtensibilityGlobals) = postSolution
		SolutionGuid = {0AD8A031-4AB8-4EEA-9609-669E3FEF59F0}
	EndGlobalSection
EndGlobal
